
Microsoft Visual Studio Solution File, Format Version 12.00
# Visual Studio Version 16
VisualStudioVersion = 16.0.31729.503
MinimumVisualStudioVersion = 10.0.40219.1
Project("{FAE04EC0-301F-11D3-BF4B-00C04F79EFBC}") = "WebApplication1", "WebApplication1.csproj", "{6CBAB0DF-6BC2-4DD8-B0B2-44FE72DE0A18}"
EndProject
Project("{FAE04EC0-301F-11D3-BF4B-00C04F79EFBC}") = "Text1", "..\Text1\Text1.csproj", "{4DD2D1C8-6F20-4444-9D1F-B5FFA4851472}"
EndProject
Global
	GlobalSection(SolutionConfigurationPlatforms) = preSolution
		Debug|Any CPU = Debug|Any CPU
		Release|Any CPU = Release|Any CPU
	EndGlobalSection
	GlobalSection(ProjectConfigurationPlatforms) = postSolution
		{6CBAB0DF-6BC2-4DD8-B0B2-44FE72DE0A18}.Debug|Any CPU.ActiveCfg = Debug|Any CPU
		{6CBAB0DF-6BC2-4DD8-B0B2-44FE72DE0A18}.Debug|Any CPU.Build.0 = Debug|Any CPU
		{6CBAB0DF-6BC2-4DD8-B0B2-44FE72DE0A18}.Release|Any CPU.ActiveCfg = Release|Any CPU
		{6CBAB0DF-6BC2-4DD8-B0B2-44FE72DE0A18}.Release|Any CPU.Build.0 = Release|Any CPU
		{4DD2D1C8-6F20-4444-9D1F-B5FFA4851472}.Debug|Any CPU.ActiveCfg = Debug|Any CPU
		{4DD2D1C8-6F20-4444-9D1F-B5FFA4851472}.Debug|Any CPU.Build.0 = Debug|Any CPU
		{4DD2D1C8-6F20-4444-9D1F-B5FFA4851472}.Release|Any CPU.ActiveCfg = Release|Any CPU
		{4DD2D1C8-6F20-4444-9D1F-B5FFA4851472}.Release|Any CPU.Build.0 = Release|Any CPU
	EndGlobalSection
	GlobalSection(SolutionProperties) = preSolution
		HideSolutionNode = FALSE
	EndGlobalSection
	GlobalSection(ExtensibilityGlobals) = postSolution
		SolutionGuid = {2CDCF6D5-2839-4EBD-B635-FFE5CC0ED95F}
	EndGlobalSection
EndGlobal
